
Microsoft Visual Studio Solution File, Format Version 12.00
# Visual Studio Version 17
VisualStudioVersion = 17.2.32630.192
MinimumVisualStudioVersion = 10.0.40219.1
Project("{FAE04EC0-301F-11D3-BF4B-00C04F79EFBC}") = "Restaraunt.Booking", "Seminar\Restaraunt.Booking.csproj", "{1B71782A-235A-4C56-BC6A-61682EB3236C}"
EndProject
Project("{9A19103F-16F7-4668-BE54-9A1E7A4F7556}") = "Messaging", "Messaging\Messaging.csproj", "{4E1C0C90-707E-485B-BBF0-970856DE459E}"
EndProject
Project("{9A19103F-16F7-4668-BE54-9A1E7A4F7556}") = "Restaurant.Notification", "Restaurant.Notification\Restaurant.Notification.csproj", "{16B65A36-F0F9-4A17-8964-426E4BCAC142}"
EndProject
Global
	GlobalSection(SolutionConfigurationPlatforms) = preSolution
		Debug|Any CPU = Debug|Any CPU
		Release|Any CPU = Release|Any CPU
	EndGlobalSection
	GlobalSection(ProjectConfigurationPlatforms) = postSolution
		{1B71782A-235A-4C56-BC6A-61682EB3236C}.Debug|Any CPU.ActiveCfg = Debug|Any CPU
		{1B71782A-235A-4C56-BC6A-61682EB3236C}.Debug|Any CPU.Build.0 = Debug|Any CPU
		{1B71782A-235A-4C56-BC6A-61682EB3236C}.Release|Any CPU.ActiveCfg = Release|Any CPU
		{1B71782A-235A-4C56-BC6A-61682EB3236C}.Release|Any CPU.Build.0 = Release|Any CPU
		{4E1C0C90-707E-485B-BBF0-970856DE459E}.Debug|Any CPU.ActiveCfg = Debug|Any CPU
		{4E1C0C90-707E-485B-BBF0-970856DE459E}.Debug|Any CPU.Build.0 = Debug|Any CPU
		{4E1C0C90-707E-485B-BBF0-970856DE459E}.Release|Any CPU.ActiveCfg = Release|Any CPU
		{4E1C0C90-707E-485B-BBF0-970856DE459E}.Release|Any CPU.Build.0 = Release|Any CPU
		{16B65A36-F0F9-4A17-8964-426E4BCAC142}.Debug|Any CPU.ActiveCfg = Debug|Any CPU
		{16B65A36-F0F9-4A17-8964-426E4BCAC142}.Debug|Any CPU.Build.0 = Debug|Any CPU
		{16B65A36-F0F9-4A17-8964-426E4BCAC142}.Release|Any CPU.ActiveCfg = Release|Any CPU
		{16B65A36-F0F9-4A17-8964-426E4BCAC142}.Release|Any CPU.Build.0 = Release|Any CPU
	EndGlobalSection
	GlobalSection(SolutionProperties) = preSolution
		HideSolutionNode = FALSE
	EndGlobalSection
	GlobalSection(ExtensibilityGlobals) = postSolution
		SolutionGuid = {CE5FD12A-6A24-4252-9F65-F820C1CFDB0B}
	EndGlobalSection
EndGlobal
